
Microsoft Visual Studio Solution File, Format Version 12.00
# Visual Studio Version 17
VisualStudioVersion = 17.2.32630.192
MinimumVisualStudioVersion = 10.0.40219.1
Project("{FAE04EC0-301F-11D3-BF4B-00C04F79EFBC}") = "SquareCircleTriangle", "AreaCircleTriangle\SquareCircleTriangle.csproj", "{A646F1D2-3518-477E-8A08-CCB4374D42E2}"
EndProject
Global
	GlobalSection(SolutionConfigurationPlatforms) = preSolution
		Debug|Any CPU = Debug|Any CPU
		Release|Any CPU = Release|Any CPU
	EndGlobalSection
	GlobalSection(ProjectConfigurationPlatforms) = postSolution
		{A646F1D2-3518-477E-8A08-CCB4374D42E2}.Debug|Any CPU.ActiveCfg = Debug|Any CPU
		{A646F1D2-3518-477E-8A08-CCB4374D42E2}.Debug|Any CPU.Build.0 = Debug|Any CPU
		{A646F1D2-3518-477E-8A08-CCB4374D42E2}.Release|Any CPU.ActiveCfg = Release|Any CPU
		{A646F1D2-3518-477E-8A08-CCB4374D42E2}.Release|Any CPU.Build.0 = Release|Any CPU
	EndGlobalSection
	GlobalSection(SolutionProperties) = preSolution
		HideSolutionNode = FALSE
	EndGlobalSection
	GlobalSection(ExtensibilityGlobals) = postSolution
		SolutionGuid = {3709D236-A260-4CC6-961A-264BACB032E4}
	EndGlobalSection
EndGlobal
